
Microsoft Visual Studio Solution File, Format Version 12.00
# Visual Studio 14
VisualStudioVersion = 14.0.25420.1
MinimumVisualStudioVersion = 10.0.40219.1
Project("{8BC9CEB8-8B4A-11D0-8D11-00A0C91BC942}") = "Feature Tracker", "Feature Tracker\Feature Tracker.vcxproj", "{220B2777-7889-4812-8673-490E2EC8112B}"
EndProject
Project("{888888A0-9F3D-457C-B088-3A5042F75D52}") = "FeatureTrackerPython", "FeatureTrackerPython\FeatureTrackerPython.pyproj", "{5612ADD4-FCCF-4883-A9BC-BD2F54BCB67C}"
EndProject
Global
	GlobalSection(SolutionConfigurationPlatforms) = preSolution
		Debug|Any CPU = Debug|Any CPU
		Debug|x64 = Debug|x64
		Debug|x86 = Debug|x86
		Release|Any CPU = Release|Any CPU
		Release|x64 = Release|x64
		Release|x86 = Release|x86
	EndGlobalSection
	GlobalSection(ProjectConfigurationPlatforms) = postSolution
		{220B2777-7889-4812-8673-490E2EC8112B}.Debug|Any CPU.ActiveCfg = Debug|Win32
		{220B2777-7889-4812-8673-490E2EC8112B}.Debug|x64.ActiveCfg = Debug|x64
		{220B2777-7889-4812-8673-490E2EC8112B}.Debug|x64.Build.0 = Debug|x64
		{220B2777-7889-4812-8673-490E2EC8112B}.Debug|x86.ActiveCfg = Debug|Win32
		{220B2777-7889-4812-8673-490E2EC8112B}.Debug|x86.Build.0 = Debug|Win32
		{220B2777-7889-4812-8673-490E2EC8112B}.Release|Any CPU.ActiveCfg = Release|Win32
		{220B2777-7889-4812-8673-490E2EC8112B}.Release|x64.ActiveCfg = Release|x64
		{220B2777-7889-4812-8673-490E2EC8112B}.Release|x64.Build.0 = Release|x64
		{220B2777-7889-4812-8673-490E2EC8112B}.Release|x86.ActiveCfg = Release|Win32
		{220B2777-7889-4812-8673-490E2EC8112B}.Release|x86.Build.0 = Release|Win32
		{5612ADD4-FCCF-4883-A9BC-BD2F54BCB67C}.Debug|Any CPU.ActiveCfg = Debug|Any CPU
		{5612ADD4-FCCF-4883-A9BC-BD2F54BCB67C}.Debug|x64.ActiveCfg = Debug|Any CPU
		{5612ADD4-FCCF-4883-A9BC-BD2F54BCB67C}.Debug|x86.ActiveCfg = Debug|Any CPU
		{5612ADD4-FCCF-4883-A9BC-BD2F54BCB67C}.Release|Any CPU.ActiveCfg = Release|Any CPU
		{5612ADD4-FCCF-4883-A9BC-BD2F54BCB67C}.Release|x64.ActiveCfg = Release|Any CPU
		{5612ADD4-FCCF-4883-A9BC-BD2F54BCB67C}.Release|x86.ActiveCfg = Release|Any CPU
	EndGlobalSection
	GlobalSection(SolutionProperties) = preSolution
		HideSolutionNode = FALSE
	EndGlobalSection
EndGlobal
